
Microsoft Visual Studio Solution File, Format Version 12.00
# Visual Studio 15
VisualStudioVersion = 15.0.28307.421
MinimumVisualStudioVersion = 10.0.40219.1
Project("{FAE04EC0-301F-11D3-BF4B-00C04F79EFBC}") = "WpfEsercizioNatale", "WpfEsercizioNatale\WpfEsercizioNatale.csproj", "{ABF058C4-B5B6-48C6-9453-98BB959601D3}"
EndProject
Global
	GlobalSection(SolutionConfigurationPlatforms) = preSolution
		Debug|Any CPU = Debug|Any CPU
		Release|Any CPU = Release|Any CPU
	EndGlobalSection
	GlobalSection(ProjectConfigurationPlatforms) = postSolution
		{ABF058C4-B5B6-48C6-9453-98BB959601D3}.Debug|Any CPU.ActiveCfg = Debug|Any CPU
		{ABF058C4-B5B6-48C6-9453-98BB959601D3}.Debug|Any CPU.Build.0 = Debug|Any CPU
		{ABF058C4-B5B6-48C6-9453-98BB959601D3}.Release|Any CPU.ActiveCfg = Release|Any CPU
		{ABF058C4-B5B6-48C6-9453-98BB959601D3}.Release|Any CPU.Build.0 = Release|Any CPU
	EndGlobalSection
	GlobalSection(SolutionProperties) = preSolution
		HideSolutionNode = FALSE
	EndGlobalSection
	GlobalSection(ExtensibilityGlobals) = postSolution
		SolutionGuid = {3E65FFF8-C127-4E68-A327-86E8AE9F22E6}
	EndGlobalSection
EndGlobal
